
Microsoft Visual Studio Solution File, Format Version 12.00
# Visual Studio Version 17
VisualStudioVersion = 17.8.34525.116
MinimumVisualStudioVersion = 10.0.40219.1
Project("{FAE04EC0-301F-11D3-BF4B-00C04F79EFBC}") = "FIFO_Data_Structure", "FIFO_Data_Structure.csproj", "{30D2D2BC-912B-47BA-A492-4FA122B14C14}"
EndProject
Global
	GlobalSection(SolutionConfigurationPlatforms) = preSolution
		Debug|Any CPU = Debug|Any CPU
		Release|Any CPU = Release|Any CPU
	EndGlobalSection
	GlobalSection(ProjectConfigurationPlatforms) = postSolution
		{30D2D2BC-912B-47BA-A492-4FA122B14C14}.Debug|Any CPU.ActiveCfg = Debug|Any CPU
		{30D2D2BC-912B-47BA-A492-4FA122B14C14}.Debug|Any CPU.Build.0 = Debug|Any CPU
		{30D2D2BC-912B-47BA-A492-4FA122B14C14}.Release|Any CPU.ActiveCfg = Release|Any CPU
		{30D2D2BC-912B-47BA-A492-4FA122B14C14}.Release|Any CPU.Build.0 = Release|Any CPU
	EndGlobalSection
	GlobalSection(SolutionProperties) = preSolution
		HideSolutionNode = FALSE
	EndGlobalSection
	GlobalSection(ExtensibilityGlobals) = postSolution
		SolutionGuid = {D3F018D6-7848-4E4C-8197-5886E55133DA}
	EndGlobalSection
EndGlobal
