
Microsoft Visual Studio Solution File, Format Version 12.00
# Visual Studio Version 17
VisualStudioVersion = 17.8.34525.116
MinimumVisualStudioVersion = 10.0.40219.1
Project("{FAE04EC0-301F-11D3-BF4B-00C04F79EFBC}") = "Mutex", "Mutex.csproj", "{196996A1-7E82-4DEB-9AC9-28A22465BDED}"
EndProject
Global
	GlobalSection(SolutionConfigurationPlatforms) = preSolution
		Debug|Any CPU = Debug|Any CPU
		Release|Any CPU = Release|Any CPU
	EndGlobalSection
	GlobalSection(ProjectConfigurationPlatforms) = postSolution
		{196996A1-7E82-4DEB-9AC9-28A22465BDED}.Debug|Any CPU.ActiveCfg = Debug|Any CPU
		{196996A1-7E82-4DEB-9AC9-28A22465BDED}.Debug|Any CPU.Build.0 = Debug|Any CPU
		{196996A1-7E82-4DEB-9AC9-28A22465BDED}.Release|Any CPU.ActiveCfg = Release|Any CPU
		{196996A1-7E82-4DEB-9AC9-28A22465BDED}.Release|Any CPU.Build.0 = Release|Any CPU
	EndGlobalSection
	GlobalSection(SolutionProperties) = preSolution
		HideSolutionNode = FALSE
	EndGlobalSection
	GlobalSection(ExtensibilityGlobals) = postSolution
		SolutionGuid = {530A08EB-6BD9-4BC0-9897-E80D4014D477}
	EndGlobalSection
EndGlobal
