
Microsoft Visual Studio Solution File, Format Version 12.00
# Visual Studio Version 17
VisualStudioVersion = 17.8.34525.116
MinimumVisualStudioVersion = 10.0.40219.1
Project("{FAE04EC0-301F-11D3-BF4B-00C04F79EFBC}") = "LRU", "LRU.csproj", "{8ACA31AA-5A61-4FBA-BFD8-41356AE4FB65}"
EndProject
Global
	GlobalSection(SolutionConfigurationPlatforms) = preSolution
		Debug|Any CPU = Debug|Any CPU
		Release|Any CPU = Release|Any CPU
	EndGlobalSection
	GlobalSection(ProjectConfigurationPlatforms) = postSolution
		{8ACA31AA-5A61-4FBA-BFD8-41356AE4FB65}.Debug|Any CPU.ActiveCfg = Debug|Any CPU
		{8ACA31AA-5A61-4FBA-BFD8-41356AE4FB65}.Debug|Any CPU.Build.0 = Debug|Any CPU
		{8ACA31AA-5A61-4FBA-BFD8-41356AE4FB65}.Release|Any CPU.ActiveCfg = Release|Any CPU
		{8ACA31AA-5A61-4FBA-BFD8-41356AE4FB65}.Release|Any CPU.Build.0 = Release|Any CPU
	EndGlobalSection
	GlobalSection(SolutionProperties) = preSolution
		HideSolutionNode = FALSE
	EndGlobalSection
	GlobalSection(ExtensibilityGlobals) = postSolution
		SolutionGuid = {399250E7-C2D0-4FDA-94BB-15CFFD301790}
	EndGlobalSection
EndGlobal
