
Microsoft Visual Studio Solution File, Format Version 12.00
# Visual Studio Version 17
VisualStudioVersion = 17.8.34525.116
MinimumVisualStudioVersion = 10.0.40219.1
Project("{FAE04EC0-301F-11D3-BF4B-00C04F79EFBC}") = "CacheHeader", "CacheHeader.csproj", "{B756887F-E062-41D5-B460-86C74EE2EF07}"
EndProject
Global
	GlobalSection(SolutionConfigurationPlatforms) = preSolution
		Debug|Any CPU = Debug|Any CPU
		Release|Any CPU = Release|Any CPU
	EndGlobalSection
	GlobalSection(ProjectConfigurationPlatforms) = postSolution
		{B756887F-E062-41D5-B460-86C74EE2EF07}.Debug|Any CPU.ActiveCfg = Debug|Any CPU
		{B756887F-E062-41D5-B460-86C74EE2EF07}.Debug|Any CPU.Build.0 = Debug|Any CPU
		{B756887F-E062-41D5-B460-86C74EE2EF07}.Release|Any CPU.ActiveCfg = Release|Any CPU
		{B756887F-E062-41D5-B460-86C74EE2EF07}.Release|Any CPU.Build.0 = Release|Any CPU
	EndGlobalSection
	GlobalSection(SolutionProperties) = preSolution
		HideSolutionNode = FALSE
	EndGlobalSection
	GlobalSection(ExtensibilityGlobals) = postSolution
		SolutionGuid = {7A22621A-BCEA-4DE6-93AD-6638C23F4987}
	EndGlobalSection
EndGlobal
